
Microsoft Visual Studio Solution File, Format Version 12.00
# Visual Studio Version 17
VisualStudioVersion = 17.14.36915.13
MinimumVisualStudioVersion = 10.0.40219.1
Project("{FAE04EC0-301F-11D3-BF4B-00C04F79EFBC}") = "Record-Store-FrontEnd", "Record-Store-FrontEnd\Record-Store-FrontEnd\Record-Store-FrontEnd.csproj", "{1EFA295B-0ECB-460A-B1AA-A75CC3FBF43F}"
EndProject
Project("{FAE04EC0-301F-11D3-BF4B-00C04F79EFBC}") = "Record-Store-FrontEnd.Client", "Record-Store-FrontEnd\Record-Store-FrontEnd.Client\Record-Store-FrontEnd.Client.csproj", "{6D0921B1-019C-46B5-9465-E44876880E58}"
EndProject
Global
	GlobalSection(SolutionConfigurationPlatforms) = preSolution
		Debug|Any CPU = Debug|Any CPU
		Release|Any CPU = Release|Any CPU
	EndGlobalSection
	GlobalSection(ProjectConfigurationPlatforms) = postSolution
		{1EFA295B-0ECB-460A-B1AA-A75CC3FBF43F}.Debug|Any CPU.ActiveCfg = Debug|Any CPU
		{1EFA295B-0ECB-460A-B1AA-A75CC3FBF43F}.Debug|Any CPU.Build.0 = Debug|Any CPU
		{1EFA295B-0ECB-460A-B1AA-A75CC3FBF43F}.Release|Any CPU.ActiveCfg = Release|Any CPU
		{1EFA295B-0ECB-460A-B1AA-A75CC3FBF43F}.Release|Any CPU.Build.0 = Release|Any CPU
		{6D0921B1-019C-46B5-9465-E44876880E58}.Debug|Any CPU.ActiveCfg = Debug|Any CPU
		{6D0921B1-019C-46B5-9465-E44876880E58}.Debug|Any CPU.Build.0 = Debug|Any CPU
		{6D0921B1-019C-46B5-9465-E44876880E58}.Release|Any CPU.ActiveCfg = Release|Any CPU
		{6D0921B1-019C-46B5-9465-E44876880E58}.Release|Any CPU.Build.0 = Release|Any CPU
	EndGlobalSection
	GlobalSection(SolutionProperties) = preSolution
		HideSolutionNode = FALSE
	EndGlobalSection
	GlobalSection(ExtensibilityGlobals) = postSolution
		SolutionGuid = {ECD1FB97-3678-4BCC-93D3-755421D32925}
	EndGlobalSection
EndGlobal
